
Microsoft Visual Studio Solution File, Format Version 12.00
# Visual Studio Version 17
VisualStudioVersion = 17.0.32014.148
MinimumVisualStudioVersion = 10.0.40219.1
Project("{9A19103F-16F7-4668-BE54-9A1E7A4F7556}") = "Digitalboken.Server", "Digitalboken\Server\Digitalboken.Server.csproj", "{70057BB9-AB19-464B-BD00-3CADC48EF201}"
EndProject
Project("{9A19103F-16F7-4668-BE54-9A1E7A4F7556}") = "Digitalboken.Client", "Digitalboken\Client\Digitalboken.Client.csproj", "{B0BAED89-C69F-49B1-8161-AD3027D485D4}"
EndProject
Project("{9A19103F-16F7-4668-BE54-9A1E7A4F7556}") = "Digitalboken.Shared", "Digitalboken\Shared\Digitalboken.Shared.csproj", "{D73B96B8-209D-432F-9107-344C2FF94852}"
EndProject
Global
	GlobalSection(SolutionConfigurationPlatforms) = preSolution
		Debug|Any CPU = Debug|Any CPU
		Release|Any CPU = Release|Any CPU
	EndGlobalSection
	GlobalSection(ProjectConfigurationPlatforms) = postSolution
		{70057BB9-AB19-464B-BD00-3CADC48EF201}.Debug|Any CPU.ActiveCfg = Debug|Any CPU
		{70057BB9-AB19-464B-BD00-3CADC48EF201}.Debug|Any CPU.Build.0 = Debug|Any CPU
		{70057BB9-AB19-464B-BD00-3CADC48EF201}.Release|Any CPU.ActiveCfg = Release|Any CPU
		{70057BB9-AB19-464B-BD00-3CADC48EF201}.Release|Any CPU.Build.0 = Release|Any CPU
		{B0BAED89-C69F-49B1-8161-AD3027D485D4}.Debug|Any CPU.ActiveCfg = Debug|Any CPU
		{B0BAED89-C69F-49B1-8161-AD3027D485D4}.Debug|Any CPU.Build.0 = Debug|Any CPU
		{B0BAED89-C69F-49B1-8161-AD3027D485D4}.Release|Any CPU.ActiveCfg = Release|Any CPU
		{B0BAED89-C69F-49B1-8161-AD3027D485D4}.Release|Any CPU.Build.0 = Release|Any CPU
		{D73B96B8-209D-432F-9107-344C2FF94852}.Debug|Any CPU.ActiveCfg = Debug|Any CPU
		{D73B96B8-209D-432F-9107-344C2FF94852}.Debug|Any CPU.Build.0 = Debug|Any CPU
		{D73B96B8-209D-432F-9107-344C2FF94852}.Release|Any CPU.ActiveCfg = Release|Any CPU
		{D73B96B8-209D-432F-9107-344C2FF94852}.Release|Any CPU.Build.0 = Release|Any CPU
	EndGlobalSection
	GlobalSection(SolutionProperties) = preSolution
		HideSolutionNode = FALSE
	EndGlobalSection
	GlobalSection(ExtensibilityGlobals) = postSolution
		SolutionGuid = {C4AB1B9A-2C36-41C6-BF5E-B11454FA4709}
	EndGlobalSection
EndGlobal
